
Microsoft Visual Studio Solution File, Format Version 12.00
# Visual Studio 15
VisualStudioVersion = 15.0.26730.8
MinimumVisualStudioVersion = 10.0.40219.1
Project("{9A19103F-16F7-4668-BE54-9A1E7A4F7556}") = "Challenge001", "Challenge001\Challenge001.csproj", "{00BEF10B-7229-4C72-960F-84C81A0E299D}"
EndProject
Project("{9A19103F-16F7-4668-BE54-9A1E7A4F7556}") = "Challenge002", "Challenge002\Challenge002.csproj", "{B58DF77B-FBAE-49D2-A3D4-A18934EEA62F}"
EndProject
Project("{FAE04EC0-301F-11D3-BF4B-00C04F79EFBC}") = "Challenge003", "Challenge003\Challenge003.csproj", "{30408588-8E35-48E1-889B-758CC3BDEBA4}"
EndProject
Project("{FAE04EC0-301F-11D3-BF4B-00C04F79EFBC}") = "Challenge004", "Challenge004\Challenge004.csproj", "{906C0368-BD86-4D4B-BED2-1ABE9303760F}"
EndProject
Global
	GlobalSection(SolutionConfigurationPlatforms) = preSolution
		Debug|Any CPU = Debug|Any CPU
		Release|Any CPU = Release|Any CPU
	EndGlobalSection
	GlobalSection(ProjectConfigurationPlatforms) = postSolution
		{00BEF10B-7229-4C72-960F-84C81A0E299D}.Debug|Any CPU.ActiveCfg = Debug|Any CPU
		{00BEF10B-7229-4C72-960F-84C81A0E299D}.Debug|Any CPU.Build.0 = Debug|Any CPU
		{00BEF10B-7229-4C72-960F-84C81A0E299D}.Release|Any CPU.ActiveCfg = Release|Any CPU
		{00BEF10B-7229-4C72-960F-84C81A0E299D}.Release|Any CPU.Build.0 = Release|Any CPU
		{B58DF77B-FBAE-49D2-A3D4-A18934EEA62F}.Debug|Any CPU.ActiveCfg = Debug|Any CPU
		{B58DF77B-FBAE-49D2-A3D4-A18934EEA62F}.Debug|Any CPU.Build.0 = Debug|Any CPU
		{B58DF77B-FBAE-49D2-A3D4-A18934EEA62F}.Release|Any CPU.ActiveCfg = Release|Any CPU
		{B58DF77B-FBAE-49D2-A3D4-A18934EEA62F}.Release|Any CPU.Build.0 = Release|Any CPU
		{30408588-8E35-48E1-889B-758CC3BDEBA4}.Debug|Any CPU.ActiveCfg = Debug|Any CPU
		{30408588-8E35-48E1-889B-758CC3BDEBA4}.Debug|Any CPU.Build.0 = Debug|Any CPU
		{30408588-8E35-48E1-889B-758CC3BDEBA4}.Release|Any CPU.ActiveCfg = Release|Any CPU
		{30408588-8E35-48E1-889B-758CC3BDEBA4}.Release|Any CPU.Build.0 = Release|Any CPU
		{906C0368-BD86-4D4B-BED2-1ABE9303760F}.Debug|Any CPU.ActiveCfg = Debug|Any CPU
		{906C0368-BD86-4D4B-BED2-1ABE9303760F}.Debug|Any CPU.Build.0 = Debug|Any CPU
		{906C0368-BD86-4D4B-BED2-1ABE9303760F}.Release|Any CPU.ActiveCfg = Release|Any CPU
		{906C0368-BD86-4D4B-BED2-1ABE9303760F}.Release|Any CPU.Build.0 = Release|Any CPU
	EndGlobalSection
	GlobalSection(SolutionProperties) = preSolution
		HideSolutionNode = FALSE
	EndGlobalSection
	GlobalSection(ExtensibilityGlobals) = postSolution
		SolutionGuid = {F45AFB71-552B-4FBB-B2C8-15F368BB03FA}
	EndGlobalSection
EndGlobal
